// !$*UTF8*$!
{
	archiveVersion = 1;
	classes = {
	};
	objectVersion = 46;
	objects = {

/* Begin PBXBuildFile section */
		0F7BB4E115DD9C4500258ABE /* UIKit.framework in Frameworks */ = {isa = PBXBuildFile; fileRef = 0F7BB4E015DD9C4500258ABE /* UIKit.framework */; };
		0F7BB4E315DD9C4500258ABE /* Foundation.framework in Frameworks */ = {isa = PBXBuildFile; fileRef = 0F7BB4E215DD9C4500258ABE /* Foundation.framework */; };
		0F7BB4E515DD9C4500258ABE /* CoreGraphics.framework in Frameworks */ = {isa = PBXBuildFile; fileRef = 0F7BB4E415DD9C4500258ABE /* CoreGraphics.framework */; };
		0F7BB4EB15DD9C4500258ABE /* InfoPlist.strings in Resources */ = {isa = PBXBuildFile; fileRef = 0F7BB4E915DD9C4500258ABE /* InfoPlist.strings */; };
		0F7BB4ED15DD9C4500258ABE /* main.m in Sources */ = {isa = PBXBuildFile; fileRef = 0F7BB4EC15DD9C4500258ABE /* main.m */; };
		0F7BB4F115DD9C4500258ABE /* AppDelegate.m in Sources */ = {isa = PBXBuildFile; fileRef = 0F7BB4F015DD9C4500258ABE /* AppDelegate.m */; };
		0F7BB4F415DD9C4500258ABE /* MainStoryboard_iPhone.storyboard in Resources */ = {isa = PBXBuildFile; fileRef = 0F7BB4F215DD9C4500258ABE /* MainStoryboard_iPhone.storyboard */; };
		0F7BB4F715DD9C4500258ABE /* MainStoryboard_iPad.storyboard in Resources */ = {isa = PBXBuildFile; fileRef = 0F7BB4F515DD9C4500258ABE /* MainStoryboard_iPad.storyboard */; };
		0F7BB4FA15DD9C4500258ABE /* ViewController.m in Sources */ = {isa = PBXBuildFile; fileRef = 0F7BB4F915DD9C4500258ABE /* ViewController.m */; };
/* End PBXBuildFile section */

/* Begin PBXFileReference section */
		0F7BB4DC15DD9C4500258ABE /* Ipsum.app */ = {isa = PBXFileReference; explicitFileType = wrapper.application; includeInIndex = 0; path = Ipsum.app; sourceTree = BUILT_PRODUCTS_DIR; };
		0F7BB4E015DD9C4500258ABE /* UIKit.framework */ = {isa = PBXFileReference; lastKnownFileType = wrapper.framework; name = UIKit.framework; path = System/Library/Frameworks/UIKit.framework; sourceTree = SDKROOT; };
		0F7BB4E215DD9C4500258ABE /* Foundation.framework */ = {isa = PBXFileReference; lastKnownFileType = wrapper.framework; name = Foundation.framework; path = System/Library/Frameworks/Foundation.framework; sourceTree = SDKROOT; };
		0F7BB4E415DD9C4500258ABE /* CoreGraphics.framework */ = {isa = PBXFileReference; lastKnownFileType = wrapper.framework; name = CoreGraphics.framework; path = System/Library/Frameworks/CoreGraphics.framework; sourceTree = SDKROOT; };
		0F7BB4E815DD9C4500258ABE /* Ipsum-Info.plist */ = {isa = PBXFileReference; lastKnownFileType = text.plist.xml; path = "Ipsum-Info.plist"; sourceTree = "<group>"; };
		0F7BB4EA15DD9C4500258ABE /* en */ = {isa = PBXFileReference; lastKnownFileType = text.plist.strings; name = en; path = en.lproj/InfoPlist.strings; sourceTree = "<group>"; };
		0F7BB4EC15DD9C4500258ABE /* main.m */ = {isa = PBXFileReference; lastKnownFileType = sourcecode.c.objc; path = main.m; sourceTree = "<group>"; };
		0F7BB4EE15DD9C4500258ABE /* Ipsum-Prefix.pch */ = {isa = PBXFileReference; lastKnownFileType = sourcecode.c.h; path = "Ipsum-Prefix.pch"; sourceTree = "<group>"; };
		0F7BB4EF15DD9C4500258ABE /* AppDelegate.h */ = {isa = PBXFileReference; lastKnownFileType = sourcecode.c.h; path = AppDelegate.h; sourceTree = "<group>"; };
		0F7BB4F015DD9C4500258ABE /* AppDelegate.m */ = {isa = PBXFileReference; lastKnownFileType = sourcecode.c.objc; path = AppDelegate.m; sourceTree = "<group>"; };
		0F7BB4F315DD9C4500258ABE /* en */ = {isa = PBXFileReference; lastKnownFileType = file.storyboard; name = en; path = en.lproj/MainStoryboard_iPhone.storyboard; sourceTree = "<group>"; };
		0F7BB4F615DD9C4500258ABE /* en */ = {isa = PBXFileReference; lastKnownFileType = file.storyboard; name = en; path = en.lproj/MainStoryboard_iPad.storyboard; sourceTree = "<group>"; };
		0F7BB4F815DD9C4500258ABE /* ViewController.h */ = {isa = PBXFileReference; lastKnownFileType = sourcecode.c.h; path = ViewController.h; sourceTree = "<group>"; };
		0F7BB4F915DD9C4500258ABE /* ViewController.m */ = {isa = PBXFileReference; lastKnownFileType = sourcecode.c.objc; path = ViewController.m; sourceTree = "<group>"; };
/* End PBXFileReference section */

/* Begin PBXFrameworksBuildPhase section */
		0F7BB4D915DD9C4500258ABE /* Frameworks */ = {
			isa = PBXFrameworksBuildPhase;
			buildActionMask = 2147483647;
			files = (
				0F7BB4E115DD9C4500258ABE /* UIKit.framework in Frameworks */,
				0F7BB4E315DD9C4500258ABE /* Foundation.framework in Frameworks */,
				0F7BB4E515DD9C4500258ABE /* CoreGraphics.framework in Frameworks */,
			);
			runOnlyForDeploymentPostprocessing = 0;
		};
/* End PBXFrameworksBuildPhase section */

/* Begin PBXGroup section */
		0F7BB4D115DD9C4500258ABE = {
			isa = PBXGroup;
			children = (
				0F7BB4E615DD9C4500258ABE /* Ipsum */,
				0F7BB4DF15DD9C4500258ABE /* Frameworks */,
				0F7BB4DD15DD9C4500258ABE /* Products */,
			);
			sourceTree = "<group>";
		};
		0F7BB4DD15DD9C4500258ABE /* Products */ = {
			isa = PBXGroup;
			children = (
				0F7BB4DC15DD9C4500258ABE /* Ipsum.app */,
			);
			name = Products;
			sourceTree = "<group>";
		};
		0F7BB4DF15DD9C4500258ABE /* Frameworks */ = {
			isa = PBXGroup;
			children = (
				0F7BB4E015DD9C4500258ABE /* UIKit.framework */,
				0F7BB4E215DD9C4500258ABE /* Foundation.framework */,
				0F7BB4E415DD9C4500258ABE /* CoreGraphics.framework */,
			);
			name = Frameworks;
			sourceTree = "<group>";
		};
		0F7BB4E615DD9C4500258ABE /* Ipsum */ = {
			isa = PBXGroup;
			children = (
				0F7BB4EF15DD9C4500258ABE /* AppDelegate.h */,
				0F7BB4F015DD9C4500258ABE /* AppDelegate.m */,
				0F7BB4F215DD9C4500258ABE /* MainStoryboard_iPhone.storyboard */,
				0F7BB4F515DD9C4500258ABE /* MainStoryboard_iPad.storyboard */,
				0F7BB4F815DD9C4500258ABE /* ViewController.h */,
				0F7BB4F915DD9C4500258ABE /* ViewController.m */,
				0F7BB4E715DD9C4500258ABE /* Supporting Files */,
			);
			path = Ipsum;
			sourceTree = "<group>";
		};
		0F7BB4E715DD9C4500258ABE /* Supporting Files */ = {
			isa = PBXGroup;
			children = (
				0F7BB4E815DD9C4500258ABE /* Ipsum-Info.plist */,
				0F7BB4E915DD9C4500258ABE /* InfoPlist.strings */,
				0F7BB4EC15DD9C4500258ABE /* main.m */,
				0F7BB4EE15DD9C4500258ABE /* Ipsum-Prefix.pch */,
			);
			name = "Supporting Files";
			sourceTree = "<group>";
		};
/* End PBXGroup section */

/* Begin PBXNativeTarget section */
		0F7BB4DB15DD9C4500258ABE /* Ipsum */ = {
			isa = PBXNativeTarget;
			buildConfigurationList = 0F7BB4FD15DD9C4500258ABE /* Build configuration list for PBXNativeTarget "Ipsum" */;
			buildPhases = (
				0F7BB4D815DD9C4500258ABE /* Sources */,
				0F7BB4D915DD9C4500258ABE /* Frameworks */,
				0F7BB4DA15DD9C4500258ABE /* Resources */,
			);
			buildRules = (
			);
			dependencies = (
			);
			name = Ipsum;
			productName = Ipsum;
			productReference = 0F7BB4DC15DD9C4500258ABE /* Ipsum.app */;
			productType = "com.apple.product-type.application";
		};
/* End PBXNativeTarget section */

/* Begin PBXProject section */
		0F7BB4D315DD9C4500258ABE /* Project object */ = {
			isa = PBXProject;
			attributes = {
				LastUpgradeCheck = 0430;
			};
			buildConfigurationList = 0F7BB4D615DD9C4500258ABE /* Build configuration list for PBXProject "Ipsum" */;
			compatibilityVersion = "Xcode 3.2";
			developmentRegion = English;
			hasScannedForEncodings = 0;
			knownRegions = (
				en,
			);
			mainGroup = 0F7BB4D115DD9C4500258ABE;
			productRefGroup = 0F7BB4DD15DD9C4500258ABE /* Products */;
			projectDirPath = "";
			projectRoot = "";
			targets = (
				0F7BB4DB15DD9C4500258ABE /* Ipsum */,
			);
		};
/* End PBXProject section */

/* Begin PBXResourcesBuildPhase section */
		0F7BB4DA15DD9C4500258ABE /* Resources */ = {
			isa = PBXResourcesBuildPhase;
			buildActionMask = 2147483647;
			files = (
				0F7BB4EB15DD9C4500258ABE /* InfoPlist.strings in Resources */,
				0F7BB4F415DD9C4500258ABE /* MainStoryboard_iPhone.storyboard in Resources */,
				0F7BB4F715DD9C4500258ABE /* MainStoryboard_iPad.storyboard in Resources */,
			);
			runOnlyForDeploymentPostprocessing = 0;
		};
/* End PBXResourcesBuildPhase section */

/* Begin PBXSourcesBuildPhase section */
		0F7BB4D815DD9C4500258ABE /* Sources */ = {
			isa = PBXSourcesBuildPhase;
			buildActionMask = 2147483647;
			files = (
				0F7BB4ED15DD9C4500258ABE /* main.m in Sources */,
				0F7BB4F115DD9C4500258ABE /* AppDelegate.m in Sources */,
				0F7BB4FA15DD9C4500258ABE /* ViewController.m in Sources */,
			);
			runOnlyForDeploymentPostprocessing = 0;
		};
/* End PBXSourcesBuildPhase section */

/* Begin PBXVariantGroup section */
		0F7BB4E915DD9C4500258ABE /* InfoPlist.strings */ = {
			isa = PBXVariantGroup;
			children = (
				0F7BB4EA15DD9C4500258ABE /* en */,
			);
			name = InfoPlist.strings;
			sourceTree = "<group>";
		};
		0F7BB4F215DD9C4500258ABE /* MainStoryboard_iPhone.storyboard */ = {
			isa = PBXVariantGroup;
			children = (
				0F7BB4F315DD9C4500258ABE /* en */,
			);
			name = MainStoryboard_iPhone.storyboard;
			sourceTree = "<group>";
		};
		0F7BB4F515DD9C4500258ABE /* MainStoryboard_iPad.storyboard */ = {
			isa = PBXVariantGroup;
			children = (
				0F7BB4F615DD9C4500258ABE /* en */,
			);
			name = MainStoryboard_iPad.storyboard;
			sourceTree = "<group>";
		};
/* End PBXVariantGroup section */

/* Begin XCBuildConfiguration section */
		0F7BB4FB15DD9C4500258ABE /* Debug */ = {
			isa = XCBuildConfiguration;
			buildSettings = {
				ALWAYS_SEARCH_USER_PATHS = NO;
				ARCHS = "$(ARCHS_STANDARD_32_BIT)";
				CLANG_ENABLE_OBJC_ARC = YES;
				"CODE_SIGN_IDENTITY[sdk=iphoneos*]" = "iPhone Developer";
				COPY_PHASE_STRIP = NO;
				GCC_C_LANGUAGE_STANDARD = gnu99;
				GCC_DYNAMIC_NO_PIC = NO;
				GCC_OPTIMIZATION_LEVEL = 0;
				GCC_PREPROCESSOR_DEFINITIONS = (
					"DEBUG=1",
					"$(inherited)",
				);
				GCC_SYMBOLS_PRIVATE_EXTERN = NO;
				GCC_VERSION = com.apple.compilers.llvm.clang.1_0;
				GCC_WARN_ABOUT_RETURN_TYPE = YES;
				GCC_WARN_UNINITIALIZED_AUTOS = YES;
				GCC_WARN_UNUSED_VARIABLE = YES;
				IPHONEOS_DEPLOYMENT_TARGET = 5.1;
				SDKROOT = iphoneos;
				TARGETED_DEVICE_FAMILY = "1,2";
			};
			name = Debug;
		};
		0F7BB4FC15DD9C4500258ABE /* Release */ = {
			isa = XCBuildConfiguration;
			buildSettings = {
				ALWAYS_SEARCH_USER_PATHS = NO;
				ARCHS = "$(ARCHS_STANDARD_32_BIT)";
				CLANG_ENABLE_OBJC_ARC = YES;
				"CODE_SIGN_IDENTITY[sdk=iphoneos*]" = "iPhone Developer";
				COPY_PHASE_STRIP = YES;
				GCC_C_LANGUAGE_STANDARD = gnu99;
				GCC_VERSION = com.apple.compilers.llvm.clang.1_0;
				GCC_WARN_ABOUT_RETURN_TYPE = YES;
				GCC_WARN_UNINITIALIZED_AUTOS = YES;
				GCC_WARN_UNUSED_VARIABLE = YES;
				IPHONEOS_DEPLOYMENT_TARGET = 5.1;
				OTHER_CFLAGS = "-DNS_BLOCK_ASSERTIONS=1";
				SDKROOT = iphoneos;
				TARGETED_DEVICE_FAMILY = "1,2";
				VALIDATE_PRODUCT = YES;
			};
			name = Release;
		};
		0F7BB4FE15DD9C4500258ABE /* Debug */ = {
			isa = XCBuildConfiguration;
			buildSettings = {
				GCC_PRECOMPILE_PREFIX_HEADER = YES;
				GCC_PREFIX_HEADER = "Ipsum/Ipsum-Prefix.pch";
				INFOPLIST_FILE = "Ipsum/Ipsum-Info.plist";
				PRODUCT_NAME = "$(TARGET_NAME)";
				WRAPPER_EXTENSION = app;
			};
			name = Debug;
		};
		0F7BB4FF15DD9C4500258ABE /* Release */ = {
			isa = XCBuildConfiguration;
			buildSettings = {
				GCC_PRECOMPILE_PREFIX_HEADER = YES;
				GCC_PREFIX_HEADER = "Ipsum/Ipsum-Prefix.pch";
				INFOPLIST_FILE = "Ipsum/Ipsum-Info.plist";
				PRODUCT_NAME = "$(TARGET_NAME)";
				WRAPPER_EXTENSION = app;
			};
			name = Release;
		};
/* End XCBuildConfiguration section */

/* Begin XCConfigurationList section */
		0F7BB4D615DD9C4500258ABE /* Build configuration list for PBXProject "Ipsum" */ = {
			isa = XCConfigurationList;
			buildConfigurations = (
				0F7BB4FB15DD9C4500258ABE /* Debug */,
				0F7BB4FC15DD9C4500258ABE /* Release */,
			);
			defaultConfigurationIsVisible = 0;
			defaultConfigurationName = Release;
		};
		0F7BB4FD15DD9C4500258ABE /* Build configuration list for PBXNativeTarget "Ipsum" */ = {
			isa = XCConfigurationList;
			buildConfigurations = (
				0F7BB4FE15DD9C4500258ABE /* Debug */,
				0F7BB4FF15DD9C4500258ABE /* Release */,
			);
			defaultConfigurationIsVisible = 0;
		};
/* End XCConfigurationList section */
	};
	rootObject = 0F7BB4D315DD9C4500258ABE /* Project object */;
}
